
Microsoft Visual Studio Solution File, Format Version 12.00
# Visual Studio Version 16
VisualStudioVersion = 16.0.30907.101
MinimumVisualStudioVersion = 10.0.40219.1
Project("{FAE04EC0-301F-11D3-BF4B-00C04F79EFBC}") = "TwitchAuthExample", "TwitchAuthExample.csproj", "{A7D46DC3-E75E-4DC4-A1A8-FCC59C0519AC}"
EndProject
Global
	GlobalSection(SolutionConfigurationPlatforms) = preSolution
		Debug|Any CPU = Debug|Any CPU
		Release|Any CPU = Release|Any CPU
	EndGlobalSection
	GlobalSection(ProjectConfigurationPlatforms) = postSolution
		{A7D46DC3-E75E-4DC4-A1A8-FCC59C0519AC}.Debug|Any CPU.ActiveCfg = Debug|Any CPU
		{A7D46DC3-E75E-4DC4-A1A8-FCC59C0519AC}.Debug|Any CPU.Build.0 = Debug|Any CPU
		{A7D46DC3-E75E-4DC4-A1A8-FCC59C0519AC}.Release|Any CPU.ActiveCfg = Release|Any CPU
		{A7D46DC3-E75E-4DC4-A1A8-FCC59C0519AC}.Release|Any CPU.Build.0 = Release|Any CPU
	EndGlobalSection
	GlobalSection(SolutionProperties) = preSolution
		HideSolutionNode = FALSE
	EndGlobalSection
	GlobalSection(ExtensibilityGlobals) = postSolution
		SolutionGuid = {683915CB-DDC6-4B89-BE62-B7FD9CD8AD94}
	EndGlobalSection
EndGlobal
